
Microsoft Visual Studio Solution File, Format Version 12.00
# Visual Studio Version 17
VisualStudioVersion = 17.9.34728.123
MinimumVisualStudioVersion = 10.0.40219.1
Project("{FAE04EC0-301F-11D3-BF4B-00C04F79EFBC}") = "RunningClubWebApp", "RunningClubWebApp\RunningClubWebApp.csproj", "{1701C4AA-29B9-403D-AE6D-49B8D3A72FB7}"
EndProject
Global
	GlobalSection(SolutionConfigurationPlatforms) = preSolution
		Debug|Any CPU = Debug|Any CPU
		Release|Any CPU = Release|Any CPU
	EndGlobalSection
	GlobalSection(ProjectConfigurationPlatforms) = postSolution
		{1701C4AA-29B9-403D-AE6D-49B8D3A72FB7}.Debug|Any CPU.ActiveCfg = Debug|Any CPU
		{1701C4AA-29B9-403D-AE6D-49B8D3A72FB7}.Debug|Any CPU.Build.0 = Debug|Any CPU
		{1701C4AA-29B9-403D-AE6D-49B8D3A72FB7}.Release|Any CPU.ActiveCfg = Release|Any CPU
		{1701C4AA-29B9-403D-AE6D-49B8D3A72FB7}.Release|Any CPU.Build.0 = Release|Any CPU
	EndGlobalSection
	GlobalSection(SolutionProperties) = preSolution
		HideSolutionNode = FALSE
	EndGlobalSection
	GlobalSection(ExtensibilityGlobals) = postSolution
		SolutionGuid = {67C60A9E-6F95-4A59-A774-E7D3BE41B91F}
	EndGlobalSection
EndGlobal
